
Microsoft Visual Studio Solution File, Format Version 12.00
# Visual Studio Version 16
VisualStudioVersion = 16.0.30104.148
MinimumVisualStudioVersion = 10.0.40219.1
Project("{FAE04EC0-301F-11D3-BF4B-00C04F79EFBC}") = "FirstFormApplication", "FirstFormApplication\FirstFormApplication.csproj", "{712DC4A8-4143-4CDC-921D-2C8072A473A4}"
EndProject
Global
	GlobalSection(SolutionConfigurationPlatforms) = preSolution
		Debug|Any CPU = Debug|Any CPU
		Release|Any CPU = Release|Any CPU
	EndGlobalSection
	GlobalSection(ProjectConfigurationPlatforms) = postSolution
		{712DC4A8-4143-4CDC-921D-2C8072A473A4}.Debug|Any CPU.ActiveCfg = Debug|Any CPU
		{712DC4A8-4143-4CDC-921D-2C8072A473A4}.Debug|Any CPU.Build.0 = Debug|Any CPU
		{712DC4A8-4143-4CDC-921D-2C8072A473A4}.Release|Any CPU.ActiveCfg = Release|Any CPU
		{712DC4A8-4143-4CDC-921D-2C8072A473A4}.Release|Any CPU.Build.0 = Release|Any CPU
	EndGlobalSection
	GlobalSection(SolutionProperties) = preSolution
		HideSolutionNode = FALSE
	EndGlobalSection
	GlobalSection(ExtensibilityGlobals) = postSolution
		SolutionGuid = {23AA891E-A4B4-41B9-A57A-1B115ED76B7F}
	EndGlobalSection
EndGlobal
